
Microsoft Visual Studio Solution File, Format Version 12.00
Project("{FAE04EC0-301F-11D3-BF4B-00C04F79EFBC}") = "Day6", "Day6\Day6.csproj", "{FCE5B283-D864-420E-B2E6-D5226176C8A8}"
EndProject
Project("{FAE04EC0-301F-11D3-BF4B-00C04F79EFBC}") = "Day7", "Day7\Day7.csproj", "{3608A83A-BCD9-4A40-B689-8E37A710302F}"
EndProject
Project("{FAE04EC0-301F-11D3-BF4B-00C04F79EFBC}") = "Day8", "Day8\Day8.csproj", "{1EF1E243-200E-4004-A395-A8B6289944F9}"
EndProject
Project("{FAE04EC0-301F-11D3-BF4B-00C04F79EFBC}") = "Day5", "Day5\Day5.csproj", "{FBA38AF4-6452-4E86-990A-BCB31ECA85B4}"
EndProject
Project("{FAE04EC0-301F-11D3-BF4B-00C04F79EFBC}") = "Day4", "Day4\Day4.csproj", "{31B9A3DE-CD0F-458E-B4AF-929EE31A8961}"
EndProject
Project("{FAE04EC0-301F-11D3-BF4B-00C04F79EFBC}") = "Day9", "Day9\Day9.csproj", "{C3D19899-3751-4EEF-BF52-E96D5B05F971}"
EndProject
Project("{FAE04EC0-301F-11D3-BF4B-00C04F79EFBC}") = "Day15", "Day15\Day15.csproj", "{CD6F3813-9441-4417-A738-E59952CE2B56}"
EndProject
Project("{FAE04EC0-301F-11D3-BF4B-00C04F79EFBC}") = "Day14", "Day14\Day14.csproj", "{8CCE0B1E-00E2-4654-AFBB-21525A57BEF3}"
EndProject
Project("{FAE04EC0-301F-11D3-BF4B-00C04F79EFBC}") = "Day16", "Day16\Day16.csproj", "{7EF3BB04-1AE1-4208-A512-66F43AAC5D6C}"
EndProject
Project("{FAE04EC0-301F-11D3-BF4B-00C04F79EFBC}") = "day17", "day17\day17.csproj", "{C72CD4F5-D7E3-459E-91D0-E03FEAD77ABF}"
EndProject
Project("{FAE04EC0-301F-11D3-BF4B-00C04F79EFBC}") = "Day22", "Day22\Day22.csproj", "{564CE88A-40BC-4D4D-AFB3-EFD3612D7679}"
EndProject
Project("{FAE04EC0-301F-11D3-BF4B-00C04F79EFBC}") = "Day21", "Day21\Day21.csproj", "{E4F0C8C7-81BA-41C7-BD81-49B37974C2A4}"
EndProject
Project("{FAE04EC0-301F-11D3-BF4B-00C04F79EFBC}") = "Day23", "Day23\Day23.csproj", "{A0C78D33-8A26-4A3D-B35E-5614A2261665}"
EndProject
Global
	GlobalSection(SolutionConfigurationPlatforms) = preSolution
		Debug|Any CPU = Debug|Any CPU
		Release|Any CPU = Release|Any CPU
	EndGlobalSection
	GlobalSection(ProjectConfigurationPlatforms) = postSolution
		{FCE5B283-D864-420E-B2E6-D5226176C8A8}.Debug|Any CPU.ActiveCfg = Debug|Any CPU
		{FCE5B283-D864-420E-B2E6-D5226176C8A8}.Debug|Any CPU.Build.0 = Debug|Any CPU
		{FCE5B283-D864-420E-B2E6-D5226176C8A8}.Release|Any CPU.ActiveCfg = Release|Any CPU
		{FCE5B283-D864-420E-B2E6-D5226176C8A8}.Release|Any CPU.Build.0 = Release|Any CPU
		{3608A83A-BCD9-4A40-B689-8E37A710302F}.Debug|Any CPU.ActiveCfg = Debug|Any CPU
		{3608A83A-BCD9-4A40-B689-8E37A710302F}.Debug|Any CPU.Build.0 = Debug|Any CPU
		{3608A83A-BCD9-4A40-B689-8E37A710302F}.Release|Any CPU.ActiveCfg = Release|Any CPU
		{3608A83A-BCD9-4A40-B689-8E37A710302F}.Release|Any CPU.Build.0 = Release|Any CPU
		{1EF1E243-200E-4004-A395-A8B6289944F9}.Debug|Any CPU.ActiveCfg = Debug|Any CPU
		{1EF1E243-200E-4004-A395-A8B6289944F9}.Debug|Any CPU.Build.0 = Debug|Any CPU
		{1EF1E243-200E-4004-A395-A8B6289944F9}.Release|Any CPU.ActiveCfg = Release|Any CPU
		{1EF1E243-200E-4004-A395-A8B6289944F9}.Release|Any CPU.Build.0 = Release|Any CPU
		{FBA38AF4-6452-4E86-990A-BCB31ECA85B4}.Debug|Any CPU.ActiveCfg = Debug|Any CPU
		{FBA38AF4-6452-4E86-990A-BCB31ECA85B4}.Debug|Any CPU.Build.0 = Debug|Any CPU
		{FBA38AF4-6452-4E86-990A-BCB31ECA85B4}.Release|Any CPU.ActiveCfg = Release|Any CPU
		{FBA38AF4-6452-4E86-990A-BCB31ECA85B4}.Release|Any CPU.Build.0 = Release|Any CPU
		{31B9A3DE-CD0F-458E-B4AF-929EE31A8961}.Debug|Any CPU.ActiveCfg = Debug|Any CPU
		{31B9A3DE-CD0F-458E-B4AF-929EE31A8961}.Debug|Any CPU.Build.0 = Debug|Any CPU
		{31B9A3DE-CD0F-458E-B4AF-929EE31A8961}.Release|Any CPU.ActiveCfg = Release|Any CPU
		{31B9A3DE-CD0F-458E-B4AF-929EE31A8961}.Release|Any CPU.Build.0 = Release|Any CPU
		{C3D19899-3751-4EEF-BF52-E96D5B05F971}.Debug|Any CPU.ActiveCfg = Debug|Any CPU
		{C3D19899-3751-4EEF-BF52-E96D5B05F971}.Debug|Any CPU.Build.0 = Debug|Any CPU
		{C3D19899-3751-4EEF-BF52-E96D5B05F971}.Release|Any CPU.ActiveCfg = Release|Any CPU
		{C3D19899-3751-4EEF-BF52-E96D5B05F971}.Release|Any CPU.Build.0 = Release|Any CPU
		{CD6F3813-9441-4417-A738-E59952CE2B56}.Debug|Any CPU.ActiveCfg = Debug|Any CPU
		{CD6F3813-9441-4417-A738-E59952CE2B56}.Debug|Any CPU.Build.0 = Debug|Any CPU
		{CD6F3813-9441-4417-A738-E59952CE2B56}.Release|Any CPU.ActiveCfg = Release|Any CPU
		{CD6F3813-9441-4417-A738-E59952CE2B56}.Release|Any CPU.Build.0 = Release|Any CPU
		{8CCE0B1E-00E2-4654-AFBB-21525A57BEF3}.Debug|Any CPU.ActiveCfg = Debug|Any CPU
		{8CCE0B1E-00E2-4654-AFBB-21525A57BEF3}.Debug|Any CPU.Build.0 = Debug|Any CPU
		{8CCE0B1E-00E2-4654-AFBB-21525A57BEF3}.Release|Any CPU.ActiveCfg = Release|Any CPU
		{8CCE0B1E-00E2-4654-AFBB-21525A57BEF3}.Release|Any CPU.Build.0 = Release|Any CPU
		{7EF3BB04-1AE1-4208-A512-66F43AAC5D6C}.Debug|Any CPU.ActiveCfg = Debug|Any CPU
		{7EF3BB04-1AE1-4208-A512-66F43AAC5D6C}.Debug|Any CPU.Build.0 = Debug|Any CPU
		{7EF3BB04-1AE1-4208-A512-66F43AAC5D6C}.Release|Any CPU.ActiveCfg = Release|Any CPU
		{7EF3BB04-1AE1-4208-A512-66F43AAC5D6C}.Release|Any CPU.Build.0 = Release|Any CPU
		{C72CD4F5-D7E3-459E-91D0-E03FEAD77ABF}.Debug|Any CPU.ActiveCfg = Debug|Any CPU
		{C72CD4F5-D7E3-459E-91D0-E03FEAD77ABF}.Debug|Any CPU.Build.0 = Debug|Any CPU
		{C72CD4F5-D7E3-459E-91D0-E03FEAD77ABF}.Release|Any CPU.ActiveCfg = Release|Any CPU
		{C72CD4F5-D7E3-459E-91D0-E03FEAD77ABF}.Release|Any CPU.Build.0 = Release|Any CPU
		{564CE88A-40BC-4D4D-AFB3-EFD3612D7679}.Debug|Any CPU.ActiveCfg = Debug|Any CPU
		{564CE88A-40BC-4D4D-AFB3-EFD3612D7679}.Debug|Any CPU.Build.0 = Debug|Any CPU
		{564CE88A-40BC-4D4D-AFB3-EFD3612D7679}.Release|Any CPU.ActiveCfg = Release|Any CPU
		{564CE88A-40BC-4D4D-AFB3-EFD3612D7679}.Release|Any CPU.Build.0 = Release|Any CPU
		{E4F0C8C7-81BA-41C7-BD81-49B37974C2A4}.Debug|Any CPU.ActiveCfg = Debug|Any CPU
		{E4F0C8C7-81BA-41C7-BD81-49B37974C2A4}.Debug|Any CPU.Build.0 = Debug|Any CPU
		{E4F0C8C7-81BA-41C7-BD81-49B37974C2A4}.Release|Any CPU.ActiveCfg = Release|Any CPU
		{E4F0C8C7-81BA-41C7-BD81-49B37974C2A4}.Release|Any CPU.Build.0 = Release|Any CPU
		{A0C78D33-8A26-4A3D-B35E-5614A2261665}.Debug|Any CPU.ActiveCfg = Debug|Any CPU
		{A0C78D33-8A26-4A3D-B35E-5614A2261665}.Debug|Any CPU.Build.0 = Debug|Any CPU
		{A0C78D33-8A26-4A3D-B35E-5614A2261665}.Release|Any CPU.ActiveCfg = Release|Any CPU
		{A0C78D33-8A26-4A3D-B35E-5614A2261665}.Release|Any CPU.Build.0 = Release|Any CPU
	EndGlobalSection
EndGlobal
